
Microsoft Visual Studio Solution File, Format Version 12.00
# Visual Studio Version 16
VisualStudioVersion = 16.0.31515.178
MinimumVisualStudioVersion = 10.0.40219.1
Project("{FAE04EC0-301F-11D3-BF4B-00C04F79EFBC}") = "CoreKamp", "CoreKamp\CoreKamp.csproj", "{5C267718-C62B-4CA0-BEF1-24668C0B326D}"
EndProject
Project("{FAE04EC0-301F-11D3-BF4B-00C04F79EFBC}") = "EntityLayer", "EntityLayer\EntityLayer.csproj", "{A80A0E66-CCF3-4C2E-B00F-621B70766C18}"
EndProject
Project("{FAE04EC0-301F-11D3-BF4B-00C04F79EFBC}") = "CoreLayer", "CoreLayer\CoreLayer.csproj", "{BE056367-864C-41D7-90EC-2D80D7755D5C}"
EndProject
Project("{FAE04EC0-301F-11D3-BF4B-00C04F79EFBC}") = "DataAccessLayer", "DataAccessLayer\DataAccessLayer.csproj", "{C6CB896B-BD7B-43E4-B8E0-DF0261AF387E}"
EndProject
Project("{FAE04EC0-301F-11D3-BF4B-00C04F79EFBC}") = "BusinessLayer", "BusinessLayer\BusinessLayer.csproj", "{61859841-CC36-4708-B15A-3CB65BB3178A}"
EndProject
Global
	GlobalSection(SolutionConfigurationPlatforms) = preSolution
		Debug|Any CPU = Debug|Any CPU
		Release|Any CPU = Release|Any CPU
	EndGlobalSection
	GlobalSection(ProjectConfigurationPlatforms) = postSolution
		{5C267718-C62B-4CA0-BEF1-24668C0B326D}.Debug|Any CPU.ActiveCfg = Debug|Any CPU
		{5C267718-C62B-4CA0-BEF1-24668C0B326D}.Debug|Any CPU.Build.0 = Debug|Any CPU
		{5C267718-C62B-4CA0-BEF1-24668C0B326D}.Release|Any CPU.ActiveCfg = Release|Any CPU
		{5C267718-C62B-4CA0-BEF1-24668C0B326D}.Release|Any CPU.Build.0 = Release|Any CPU
		{A80A0E66-CCF3-4C2E-B00F-621B70766C18}.Debug|Any CPU.ActiveCfg = Debug|Any CPU
		{A80A0E66-CCF3-4C2E-B00F-621B70766C18}.Debug|Any CPU.Build.0 = Debug|Any CPU
		{A80A0E66-CCF3-4C2E-B00F-621B70766C18}.Release|Any CPU.ActiveCfg = Release|Any CPU
		{A80A0E66-CCF3-4C2E-B00F-621B70766C18}.Release|Any CPU.Build.0 = Release|Any CPU
		{BE056367-864C-41D7-90EC-2D80D7755D5C}.Debug|Any CPU.ActiveCfg = Debug|Any CPU
		{BE056367-864C-41D7-90EC-2D80D7755D5C}.Debug|Any CPU.Build.0 = Debug|Any CPU
		{BE056367-864C-41D7-90EC-2D80D7755D5C}.Release|Any CPU.ActiveCfg = Release|Any CPU
		{BE056367-864C-41D7-90EC-2D80D7755D5C}.Release|Any CPU.Build.0 = Release|Any CPU
		{C6CB896B-BD7B-43E4-B8E0-DF0261AF387E}.Debug|Any CPU.ActiveCfg = Debug|Any CPU
		{C6CB896B-BD7B-43E4-B8E0-DF0261AF387E}.Debug|Any CPU.Build.0 = Debug|Any CPU
		{C6CB896B-BD7B-43E4-B8E0-DF0261AF387E}.Release|Any CPU.ActiveCfg = Release|Any CPU
		{C6CB896B-BD7B-43E4-B8E0-DF0261AF387E}.Release|Any CPU.Build.0 = Release|Any CPU
		{61859841-CC36-4708-B15A-3CB65BB3178A}.Debug|Any CPU.ActiveCfg = Debug|Any CPU
		{61859841-CC36-4708-B15A-3CB65BB3178A}.Debug|Any CPU.Build.0 = Debug|Any CPU
		{61859841-CC36-4708-B15A-3CB65BB3178A}.Release|Any CPU.ActiveCfg = Release|Any CPU
		{61859841-CC36-4708-B15A-3CB65BB3178A}.Release|Any CPU.Build.0 = Release|Any CPU
	EndGlobalSection
	GlobalSection(SolutionProperties) = preSolution
		HideSolutionNode = FALSE
	EndGlobalSection
	GlobalSection(ExtensibilityGlobals) = postSolution
		SolutionGuid = {73ECE5AC-306B-4BFB-AD13-2642B93E5DEE}
	EndGlobalSection
EndGlobal
